// !$*UTF8*$!
{
	archiveVersion = 1;
	classes = {
	};
	objectVersion = 51;
	objects = {

/* Begin PBXBuildFile section */
		6909F75A259F1D1700204DD0 /* GTMSessionFetcher in Frameworks */ = {isa = PBXBuildFile; fileRef = 6909F756259F1D1700204DD0 /* GTMSessionFetcher */; };
		6909F75B259F1D1700204DD0 /* AppAuth in Frameworks */ = {isa = PBXBuildFile; fileRef = 6909F757259F1D1700204DD0 /* AppAuth */; };
		6909F75C259F1D1700204DD0 /* GoogleSignIn in Frameworks */ = {isa = PBXBuildFile; fileRef = 6909F758259F1D1700204DD0 /* GoogleSignIn */; };
		6909F75D259F1D1700204DD0 /* GTMAppAuth in Frameworks */ = {isa = PBXBuildFile; fileRef = 6909F759259F1D1700204DD0 /* GTMAppAuth */; };
		6909F790259FBE6500204DD0 /* MainScreenViewController.swift in Sources */ = {isa = PBXBuildFile; fileRef = 6909F78F259FBE6500204DD0 /* MainScreenViewController.swift */; };
		6932E68C259A4359006488C7 /* AppDelegate.swift in Sources */ = {isa = PBXBuildFile; fileRef = 6932E68B259A4359006488C7 /* AppDelegate.swift */; };
		6932E68E259A4359006488C7 /* SceneDelegate.swift in Sources */ = {isa = PBXBuildFile; fileRef = 6932E68D259A4359006488C7 /* SceneDelegate.swift */; };
		6932E690259A4359006488C7 /* ViewController.swift in Sources */ = {isa = PBXBuildFile; fileRef = 6932E68F259A4359006488C7 /* ViewController.swift */; };
		6932E693259A4359006488C7 /* Main.storyboard in Resources */ = {isa = PBXBuildFile; fileRef = 6932E691259A4359006488C7 /* Main.storyboard */; };
		6932E695259A4364006488C7 /* Assets.xcassets in Resources */ = {isa = PBXBuildFile; fileRef = 6932E694259A4364006488C7 /* Assets.xcassets */; };
		6932E698259A4364006488C7 /* LaunchScreen.storyboard in Resources */ = {isa = PBXBuildFile; fileRef = 6932E696259A4364006488C7 /* LaunchScreen.storyboard */; };
		6932E6A8259D65DE006488C7 /* LocalAuthentication.framework in Frameworks */ = {isa = PBXBuildFile; fileRef = 6932E6A7259D65DE006488C7 /* LocalAuthentication.framework */; };
		6932E6AA259D65E5006488C7 /* SafariServices.framework in Frameworks */ = {isa = PBXBuildFile; fileRef = 6932E6A9259D65E5006488C7 /* SafariServices.framework */; };
		6932E6AC259D65F1006488C7 /* AuthenticationServices.framework in Frameworks */ = {isa = PBXBuildFile; fileRef = 6932E6AB259D65F1006488C7 /* AuthenticationServices.framework */; };
		6932E6AE259D65FC006488C7 /* SystemConfiguration.framework in Frameworks */ = {isa = PBXBuildFile; fileRef = 6932E6AD259D65FC006488C7 /* SystemConfiguration.framework */; };
		E28309181DF33E50F03F4256 /* Pods_Jariyah.framework in Frameworks */ = {isa = PBXBuildFile; fileRef = 9CDE8BBA1084D48990977295 /* Pods_Jariyah.framework */; };
/* End PBXBuildFile section */

/* Begin PBXFileReference section */
		6909F756259F1D1700204DD0 /* GTMSessionFetcher */ = {isa = PBXFileReference; lastKnownFileType = folder; path = GTMSessionFetcher; sourceTree = "<group>"; };
		6909F757259F1D1700204DD0 /* AppAuth */ = {isa = PBXFileReference; lastKnownFileType = folder; path = AppAuth; sourceTree = "<group>"; };
		6909F758259F1D1700204DD0 /* GoogleSignIn */ = {isa = PBXFileReference; lastKnownFileType = folder; path = GoogleSignIn; sourceTree = "<group>"; };
		6909F759259F1D1700204DD0 /* GTMAppAuth */ = {isa = PBXFileReference; lastKnownFileType = folder; path = GTMAppAuth; sourceTree = "<group>"; };
		6909F78F259FBE6500204DD0 /* MainScreenViewController.swift */ = {isa = PBXFileReference; lastKnownFileType = sourcecode.swift; path = MainScreenViewController.swift; sourceTree = "<group>"; };
		6932E688259A4359006488C7 /* Jariyah.app */ = {isa = PBXFileReference; explicitFileType = wrapper.application; includeInIndex = 0; path = Jariyah.app; sourceTree = BUILT_PRODUCTS_DIR; };
		6932E68B259A4359006488C7 /* AppDelegate.swift */ = {isa = PBXFileReference; lastKnownFileType = sourcecode.swift; path = AppDelegate.swift; sourceTree = "<group>"; };
		6932E68D259A4359006488C7 /* SceneDelegate.swift */ = {isa = PBXFileReference; lastKnownFileType = sourcecode.swift; path = SceneDelegate.swift; sourceTree = "<group>"; };
		6932E68F259A4359006488C7 /* ViewController.swift */ = {isa = PBXFileReference; lastKnownFileType = sourcecode.swift; path = ViewController.swift; sourceTree = "<group>"; };
		6932E692259A4359006488C7 /* Base */ = {isa = PBXFileReference; lastKnownFileType = file.storyboard; name = Base; path = Base.lproj/Main.storyboard; sourceTree = "<group>"; };
		6932E694259A4364006488C7 /* Assets.xcassets */ = {isa = PBXFileReference; lastKnownFileType = folder.assetcatalog; path = Assets.xcassets; sourceTree = "<group>"; };
		6932E697259A4364006488C7 /* Base */ = {isa = PBXFileReference; lastKnownFileType = file.storyboard; name = Base; path = Base.lproj/LaunchScreen.storyboard; sourceTree = "<group>"; };
		6932E699259A4364006488C7 /* Info.plist */ = {isa = PBXFileReference; lastKnownFileType = text.plist.xml; path = Info.plist; sourceTree = "<group>"; };
		6932E6A4259D657A006488C7 /* CoreAudio.framework */ = {isa = PBXFileReference; lastKnownFileType = wrapper.framework; name = CoreAudio.framework; path = System/Library/Frameworks/CoreAudio.framework; sourceTree = SDKROOT; };
		6932E6A7259D65DE006488C7 /* LocalAuthentication.framework */ = {isa = PBXFileReference; lastKnownFileType = wrapper.framework; name = LocalAuthentication.framework; path = System/Library/Frameworks/LocalAuthentication.framework; sourceTree = SDKROOT; };
		6932E6A9259D65E5006488C7 /* SafariServices.framework */ = {isa = PBXFileReference; lastKnownFileType = wrapper.framework; name = SafariServices.framework; path = System/Library/Frameworks/SafariServices.framework; sourceTree = SDKROOT; };
		6932E6AB259D65F1006488C7 /* AuthenticationServices.framework */ = {isa = PBXFileReference; lastKnownFileType = wrapper.framework; name = AuthenticationServices.framework; path = System/Library/Frameworks/AuthenticationServices.framework; sourceTree = SDKROOT; };
		6932E6AD259D65FC006488C7 /* SystemConfiguration.framework */ = {isa = PBXFileReference; lastKnownFileType = wrapper.framework; name = SystemConfiguration.framework; path = System/Library/Frameworks/SystemConfiguration.framework; sourceTree = SDKROOT; };
		9CDE8BBA1084D48990977295 /* Pods_Jariyah.framework */ = {isa = PBXFileReference; explicitFileType = wrapper.framework; includeInIndex = 0; path = Pods_Jariyah.framework; sourceTree = BUILT_PRODUCTS_DIR; };
		E19D8BADE31D28C5BD100028 /* Pods-Jariyah.debug.xcconfig */ = {isa = PBXFileReference; includeInIndex = 1; lastKnownFileType = text.xcconfig; name = "Pods-Jariyah.debug.xcconfig"; path = "Target Support Files/Pods-Jariyah/Pods-Jariyah.debug.xcconfig"; sourceTree = "<group>"; };
		ED953865DC1B589EC05789AF /* Pods-Jariyah.release.xcconfig */ = {isa = PBXFileReference; includeInIndex = 1; lastKnownFileType = text.xcconfig; name = "Pods-Jariyah.release.xcconfig"; path = "Target Support Files/Pods-Jariyah/Pods-Jariyah.release.xcconfig"; sourceTree = "<group>"; };
/* End PBXFileReference section */

/* Begin PBXFrameworksBuildPhase section */
		6932E685259A4359006488C7 /* Frameworks */ = {
			isa = PBXFrameworksBuildPhase;
			buildActionMask = 2147483647;
			files = (
				6909F75A259F1D1700204DD0 /* GTMSessionFetcher in Frameworks */,
				6909F75B259F1D1700204DD0 /* AppAuth in Frameworks */,
				6909F75C259F1D1700204DD0 /* GoogleSignIn in Frameworks */,
				6909F75D259F1D1700204DD0 /* GTMAppAuth in Frameworks */,
				6932E6AC259D65F1006488C7 /* AuthenticationServices.framework in Frameworks */,
				6932E6AE259D65FC006488C7 /* SystemConfiguration.framework in Frameworks */,
				6932E6A8259D65DE006488C7 /* LocalAuthentication.framework in Frameworks */,
				6932E6AA259D65E5006488C7 /* SafariServices.framework in Frameworks */,
				E28309181DF33E50F03F4256 /* Pods_Jariyah.framework in Frameworks */,
			);
			runOnlyForDeploymentPostprocessing = 0;
		};
/* End PBXFrameworksBuildPhase section */

/* Begin PBXGroup section */
		0CD599271BF91E70BE01E13B /* Frameworks */ = {
			isa = PBXGroup;
			children = (
				6909F757259F1D1700204DD0 /* AppAuth */,
				6909F758259F1D1700204DD0 /* GoogleSignIn */,
				6909F759259F1D1700204DD0 /* GTMAppAuth */,
				6909F756259F1D1700204DD0 /* GTMSessionFetcher */,
				6932E6AD259D65FC006488C7 /* SystemConfiguration.framework */,
				6932E6AB259D65F1006488C7 /* AuthenticationServices.framework */,
				6932E6A9259D65E5006488C7 /* SafariServices.framework */,
				6932E6A7259D65DE006488C7 /* LocalAuthentication.framework */,
				6932E6A4259D657A006488C7 /* CoreAudio.framework */,
				9CDE8BBA1084D48990977295 /* Pods_Jariyah.framework */,
			);
			name = Frameworks;
			sourceTree = "<group>";
		};
		6932E67F259A4358006488C7 = {
			isa = PBXGroup;
			children = (
				6932E68A259A4359006488C7 /* Jariyah */,
				6932E689259A4359006488C7 /* Products */,
				0CD599271BF91E70BE01E13B /* Frameworks */,
				CC67F32133BB2C397FBD300D /* Pods */,
			);
			sourceTree = "<group>";
		};
		6932E689259A4359006488C7 /* Products */ = {
			isa = PBXGroup;
			children = (
				6932E688259A4359006488C7 /* Jariyah.app */,
			);
			name = Products;
			sourceTree = "<group>";
		};
		6932E68A259A4359006488C7 /* Jariyah */ = {
			isa = PBXGroup;
			children = (
				6932E68B259A4359006488C7 /* AppDelegate.swift */,
				6932E68D259A4359006488C7 /* SceneDelegate.swift */,
				6932E68F259A4359006488C7 /* ViewController.swift */,
				6932E691259A4359006488C7 /* Main.storyboard */,
				6932E694259A4364006488C7 /* Assets.xcassets */,
				6932E696259A4364006488C7 /* LaunchScreen.storyboard */,
				6932E699259A4364006488C7 /* Info.plist */,
				6909F78F259FBE6500204DD0 /* MainScreenViewController.swift */,
			);
			path = Jariyah;
			sourceTree = "<group>";
		};
		CC67F32133BB2C397FBD300D /* Pods */ = {
			isa = PBXGroup;
			children = (
				E19D8BADE31D28C5BD100028 /* Pods-Jariyah.debug.xcconfig */,
				ED953865DC1B589EC05789AF /* Pods-Jariyah.release.xcconfig */,
			);
			path = Pods;
			sourceTree = "<group>";
		};
/* End PBXGroup section */

/* Begin PBXNativeTarget section */
		6932E687259A4359006488C7 /* Jariyah */ = {
			isa = PBXNativeTarget;
			buildConfigurationList = 6932E69C259A4364006488C7 /* Build configuration list for PBXNativeTarget "Jariyah" */;
			buildPhases = (
				5F1F38580654072B401B581C /* [CP] Check Pods Manifest.lock */,
				6932E684259A4359006488C7 /* Sources */,
				6932E685259A4359006488C7 /* Frameworks */,
				6932E686259A4359006488C7 /* Resources */,
				4078A324D0067B74CBC03225 /* [CP] Embed Pods Frameworks */,
				0D3476CA7C7EE125702055A0 /* [CP] Copy Pods Resources */,
			);
			buildRules = (
			);
			dependencies = (
			);
			name = Jariyah;
			productName = Jariyah;
			productReference = 6932E688259A4359006488C7 /* Jariyah.app */;
			productType = "com.apple.product-type.application";
		};
/* End PBXNativeTarget section */

/* Begin PBXProject section */
		6932E680259A4358006488C7 /* Project object */ = {
			isa = PBXProject;
			attributes = {
				LastSwiftUpdateCheck = 1230;
				LastUpgradeCheck = 1230;
				TargetAttributes = {
					6932E687259A4359006488C7 = {
						CreatedOnToolsVersion = 12.3;
					};
				};
			};
			buildConfigurationList = 6932E683259A4358006488C7 /* Build configuration list for PBXProject "Jariyah" */;
			compatibilityVersion = "Xcode 9.3";
			developmentRegion = en;
			hasScannedForEncodings = 0;
			knownRegions = (
				en,
				Base,
			);
			mainGroup = 6932E67F259A4358006488C7;
			productRefGroup = 6932E689259A4359006488C7 /* Products */;
			projectDirPath = "";
			projectRoot = "";
			targets = (
				6932E687259A4359006488C7 /* Jariyah */,
			);
		};
/* End PBXProject section */

/* Begin PBXResourcesBuildPhase section */
		6932E686259A4359006488C7 /* Resources */ = {
			isa = PBXResourcesBuildPhase;
			buildActionMask = 2147483647;
			files = (
				6932E698259A4364006488C7 /* LaunchScreen.storyboard in Resources */,
				6932E695259A4364006488C7 /* Assets.xcassets in Resources */,
				6932E693259A4359006488C7 /* Main.storyboard in Resources */,
			);
			runOnlyForDeploymentPostprocessing = 0;
		};
/* End PBXResourcesBuildPhase section */

/* Begin PBXShellScriptBuildPhase section */
		0D3476CA7C7EE125702055A0 /* [CP] Copy Pods Resources */ = {
			isa = PBXShellScriptBuildPhase;
			buildActionMask = 2147483647;
			files = (
			);
			inputFileListPaths = (
				"${PODS_ROOT}/Target Support Files/Pods-Jariyah/Pods-Jariyah-resources-${CONFIGURATION}-input-files.xcfilelist",
			);
			name = "[CP] Copy Pods Resources";
			outputFileListPaths = (
				"${PODS_ROOT}/Target Support Files/Pods-Jariyah/Pods-Jariyah-resources-${CONFIGURATION}-output-files.xcfilelist",
			);
			runOnlyForDeploymentPostprocessing = 0;
			shellPath = /bin/sh;
			shellScript = "\"${PODS_ROOT}/Target Support Files/Pods-Jariyah/Pods-Jariyah-resources.sh\"\n";
			showEnvVarsInLog = 0;
		};
		4078A324D0067B74CBC03225 /* [CP] Embed Pods Frameworks */ = {
			isa = PBXShellScriptBuildPhase;
			buildActionMask = 2147483647;
			files = (
			);
			inputFileListPaths = (
				"${PODS_ROOT}/Target Support Files/Pods-Jariyah/Pods-Jariyah-frameworks-${CONFIGURATION}-input-files.xcfilelist",
			);
			name = "[CP] Embed Pods Frameworks";
			outputFileListPaths = (
				"${PODS_ROOT}/Target Support Files/Pods-Jariyah/Pods-Jariyah-frameworks-${CONFIGURATION}-output-files.xcfilelist",
			);
			runOnlyForDeploymentPostprocessing = 0;
			shellPath = /bin/sh;
			shellScript = "\"${PODS_ROOT}/Target Support Files/Pods-Jariyah/Pods-Jariyah-frameworks.sh\"\n";
			showEnvVarsInLog = 0;
		};
		5F1F38580654072B401B581C /* [CP] Check Pods Manifest.lock */ = {
			isa = PBXShellScriptBuildPhase;
			buildActionMask = 2147483647;
			files = (
			);
			inputFileListPaths = (
			);
			inputPaths = (
				"${PODS_PODFILE_DIR_PATH}/Podfile.lock",
				"${PODS_ROOT}/Manifest.lock",
			);
			name = "[CP] Check Pods Manifest.lock";
			outputFileListPaths = (
			);
			outputPaths = (
				"$(DERIVED_FILE_DIR)/Pods-Jariyah-checkManifestLockResult.txt",
			);
			runOnlyForDeploymentPostprocessing = 0;
			shellPath = /bin/sh;
			shellScript = "diff \"${PODS_PODFILE_DIR_PATH}/Podfile.lock\" \"${PODS_ROOT}/Manifest.lock\" > /dev/null\nif [ $? != 0 ] ; then\n    # print error to STDERR\n    echo \"error: The sandbox is not in sync with the Podfile.lock. Run 'pod install' or update your CocoaPods installation.\" >&2\n    exit 1\nfi\n# This output is used by Xcode 'outputs' to avoid re-running this script phase.\necho \"SUCCESS\" > \"${SCRIPT_OUTPUT_FILE_0}\"\n";
			showEnvVarsInLog = 0;
		};
/* End PBXShellScriptBuildPhase section */

/* Begin PBXSourcesBuildPhase section */
		6932E684259A4359006488C7 /* Sources */ = {
			isa = PBXSourcesBuildPhase;
			buildActionMask = 2147483647;
			files = (
				6932E690259A4359006488C7 /* ViewController.swift in Sources */,
				6909F790259FBE6500204DD0 /* MainScreenViewController.swift in Sources */,
				6932E68C259A4359006488C7 /* AppDelegate.swift in Sources */,
				6932E68E259A4359006488C7 /* SceneDelegate.swift in Sources */,
			);
			runOnlyForDeploymentPostprocessing = 0;
		};
/* End PBXSourcesBuildPhase section */

/* Begin PBXVariantGroup section */
		6932E691259A4359006488C7 /* Main.storyboard */ = {
			isa = PBXVariantGroup;
			children = (
				6932E692259A4359006488C7 /* Base */,
			);
			name = Main.storyboard;
			sourceTree = "<group>";
		};
		6932E696259A4364006488C7 /* LaunchScreen.storyboard */ = {
			isa = PBXVariantGroup;
			children = (
				6932E697259A4364006488C7 /* Base */,
			);
			name = LaunchScreen.storyboard;
			sourceTree = "<group>";
		};
/* End PBXVariantGroup section */

/* Begin XCBuildConfiguration section */
		6932E69A259A4364006488C7 /* Debug */ = {
			isa = XCBuildConfiguration;
			buildSettings = {
				ALWAYS_SEARCH_USER_PATHS = NO;
				CLANG_ANALYZER_NONNULL = YES;
				CLANG_ANALYZER_NUMBER_OBJECT_CONVERSION = YES_AGGRESSIVE;
				CLANG_CXX_LANGUAGE_STANDARD = "gnu++14";
				CLANG_CXX_LIBRARY = "libc++";
				CLANG_ENABLE_MODULES = YES;
				CLANG_ENABLE_OBJC_ARC = YES;
				CLANG_ENABLE_OBJC_WEAK = YES;
				CLANG_WARN_BLOCK_CAPTURE_AUTORELEASING = YES;
				CLANG_WARN_BOOL_CONVERSION = YES;
				CLANG_WARN_COMMA = YES;
				CLANG_WARN_CONSTANT_CONVERSION = YES;
				CLANG_WARN_DEPRECATED_OBJC_IMPLEMENTATIONS = YES;
				CLANG_WARN_DIRECT_OBJC_ISA_USAGE = YES_ERROR;
				CLANG_WARN_DOCUMENTATION_COMMENTS = YES;
				CLANG_WARN_EMPTY_BODY = YES;
				CLANG_WARN_ENUM_CONVERSION = YES;
				CLANG_WARN_INFINITE_RECURSION = YES;
				CLANG_WARN_INT_CONVERSION = YES;
				CLANG_WARN_NON_LITERAL_NULL_CONVERSION = YES;
				CLANG_WARN_OBJC_IMPLICIT_RETAIN_SELF = YES;
				CLANG_WARN_OBJC_LITERAL_CONVERSION = YES;
				CLANG_WARN_OBJC_ROOT_CLASS = YES_ERROR;
				CLANG_WARN_QUOTED_INCLUDE_IN_FRAMEWORK_HEADER = YES;
				CLANG_WARN_RANGE_LOOP_ANALYSIS = YES;
				CLANG_WARN_STRICT_PROTOTYPES = YES;
				CLANG_WARN_SUSPICIOUS_MOVE = YES;
				CLANG_WARN_UNGUARDED_AVAILABILITY = YES_AGGRESSIVE;
				CLANG_WARN_UNREACHABLE_CODE = YES;
				CLANG_WARN__DUPLICATE_METHOD_MATCH = YES;
				COPY_PHASE_STRIP = NO;
				DEBUG_INFORMATION_FORMAT = dwarf;
				ENABLE_STRICT_OBJC_MSGSEND = YES;
				ENABLE_TESTABILITY = YES;
				GCC_C_LANGUAGE_STANDARD = gnu11;
				GCC_DYNAMIC_NO_PIC = NO;
				GCC_NO_COMMON_BLOCKS = YES;
				GCC_OPTIMIZATION_LEVEL = 0;
				GCC_PREPROCESSOR_DEFINITIONS = (
					"DEBUG=1",
					"$(inherited)",
				);
				GCC_WARN_64_TO_32_BIT_CONVERSION = YES;
				GCC_WARN_ABOUT_RETURN_TYPE = YES_ERROR;
				GCC_WARN_UNDECLARED_SELECTOR = YES;
				GCC_WARN_UNINITIALIZED_AUTOS = YES_AGGRESSIVE;
				GCC_WARN_UNUSED_FUNCTION = YES;
				GCC_WARN_UNUSED_VARIABLE = YES;
				IPHONEOS_DEPLOYMENT_TARGET = 14.3;
				MTL_ENABLE_DEBUG_INFO = INCLUDE_SOURCE;
				MTL_FAST_MATH = YES;
				ONLY_ACTIVE_ARCH = YES;
				SDKROOT = iphoneos;
				SWIFT_ACTIVE_COMPILATION_CONDITIONS = DEBUG;
				SWIFT_OPTIMIZATION_LEVEL = "-Onone";
			};
			name = Debug;
		};
		6932E69B259A4364006488C7 /* Release */ = {
			isa = XCBuildConfiguration;
			buildSettings = {
				ALWAYS_SEARCH_USER_PATHS = NO;
				CLANG_ANALYZER_NONNULL = YES;
				CLANG_ANALYZER_NUMBER_OBJECT_CONVERSION = YES_AGGRESSIVE;
				CLANG_CXX_LANGUAGE_STANDARD = "gnu++14";
				CLANG_CXX_LIBRARY = "libc++";
				CLANG_ENABLE_MODULES = YES;
				CLANG_ENABLE_OBJC_ARC = YES;
				CLANG_ENABLE_OBJC_WEAK = YES;
				CLANG_WARN_BLOCK_CAPTURE_AUTORELEASING = YES;
				CLANG_WARN_BOOL_CONVERSION = YES;
				CLANG_WARN_COMMA = YES;
				CLANG_WARN_CONSTANT_CONVERSION = YES;
				CLANG_WARN_DEPRECATED_OBJC_IMPLEMENTATIONS = YES;
				CLANG_WARN_DIRECT_OBJC_ISA_USAGE = YES_ERROR;
				CLANG_WARN_DOCUMENTATION_COMMENTS = YES;
				CLANG_WARN_EMPTY_BODY = YES;
				CLANG_WARN_ENUM_CONVERSION = YES;
				CLANG_WARN_INFINITE_RECURSION = YES;
				CLANG_WARN_INT_CONVERSION = YES;
				CLANG_WARN_NON_LITERAL_NULL_CONVERSION = YES;
				CLANG_WARN_OBJC_IMPLICIT_RETAIN_SELF = YES;
				CLANG_WARN_OBJC_LITERAL_CONVERSION = YES;
				CLANG_WARN_OBJC_ROOT_CLASS = YES_ERROR;
				CLANG_WARN_QUOTED_INCLUDE_IN_FRAMEWORK_HEADER = YES;
				CLANG_WARN_RANGE_LOOP_ANALYSIS = YES;
				CLANG_WARN_STRICT_PROTOTYPES = YES;
				CLANG_WARN_SUSPICIOUS_MOVE = YES;
				CLANG_WARN_UNGUARDED_AVAILABILITY = YES_AGGRESSIVE;
				CLANG_WARN_UNREACHABLE_CODE = YES;
				CLANG_WARN__DUPLICATE_METHOD_MATCH = YES;
				COPY_PHASE_STRIP = NO;
				DEBUG_INFORMATION_FORMAT = "dwarf-with-dsym";
				ENABLE_NS_ASSERTIONS = NO;
				ENABLE_STRICT_OBJC_MSGSEND = YES;
				GCC_C_LANGUAGE_STANDARD = gnu11;
				GCC_NO_COMMON_BLOCKS = YES;
				GCC_WARN_64_TO_32_BIT_CONVERSION = YES;
				GCC_WARN_ABOUT_RETURN_TYPE = YES_ERROR;
				GCC_WARN_UNDECLARED_SELECTOR = YES;
				GCC_WARN_UNINITIALIZED_AUTOS = YES_AGGRESSIVE;
				GCC_WARN_UNUSED_FUNCTION = YES;
				GCC_WARN_UNUSED_VARIABLE = YES;
				IPHONEOS_DEPLOYMENT_TARGET = 14.3;
				MTL_ENABLE_DEBUG_INFO = NO;
				MTL_FAST_MATH = YES;
				SDKROOT = iphoneos;
				SWIFT_COMPILATION_MODE = wholemodule;
				SWIFT_OPTIMIZATION_LEVEL = "-O";
				VALIDATE_PRODUCT = YES;
			};
			name = Release;
		};
		6932E69D259A4364006488C7 /* Debug */ = {
			isa = XCBuildConfiguration;
			baseConfigurationReference = E19D8BADE31D28C5BD100028 /* Pods-Jariyah.debug.xcconfig */;
			buildSettings = {
				ALWAYS_SEARCH_USER_PATHS = NO;
				ASSETCATALOG_COMPILER_APPICON_NAME = AppIcon;
				ASSETCATALOG_COMPILER_GLOBAL_ACCENT_COLOR_NAME = AccentColor;
				CODE_SIGN_STYLE = Automatic;
				EXCLUDED_ARCHS = "";
				INFOPLIST_FILE = Jariyah/Info.plist;
				LD_RUNPATH_SEARCH_PATHS = (
					"$(inherited)",
					"@executable_path/Frameworks",
				);
				OTHER_LDFLAGS = (
					"$(OTHER_LDFLAGS)",
					"-ObjC",
					"$(inherited)",
					"-ObjC",
					"-framework",
					"\"CoreGraphics\"",
					"-framework",
					"\"CoreText\"",
					"-framework",
					"\"Foundation\"",
					"-framework",
					"\"GTMAppAuth\"",
					"-framework",
					"\"GTMSessionFetcher\"",
					"-framework",
					"\"GoogleSignIn\"",
					"-framework",
					"\"LocalAuthentication\"",
					"-framework",
					"\"SafariServices\"",
					"-framework",
					"\"Security\"",
					"-framework",
					"\"SystemConfiguration\"",
					"-framework",
					"\"UIKit\"",
					"-weak_framework",
					"\"AuthenticationServices\"",
				);
				PRODUCT_BUNDLE_IDENTIFIER = com.jamajama.Jariyah;
				PRODUCT_NAME = "$(TARGET_NAME)";
				SWIFT_VERSION = 5.0;
				TARGETED_DEVICE_FAMILY = "1,2";
			};
			name = Debug;
		};
		6932E69E259A4364006488C7 /* Release */ = {
			isa = XCBuildConfiguration;
			baseConfigurationReference = ED953865DC1B589EC05789AF /* Pods-Jariyah.release.xcconfig */;
			buildSettings = {
				ALWAYS_SEARCH_USER_PATHS = NO;
				ASSETCATALOG_COMPILER_APPICON_NAME = AppIcon;
				ASSETCATALOG_COMPILER_GLOBAL_ACCENT_COLOR_NAME = AccentColor;
				CODE_SIGN_STYLE = Automatic;
				EXCLUDED_ARCHS = "";
				INFOPLIST_FILE = Jariyah/Info.plist;
				LD_RUNPATH_SEARCH_PATHS = (
					"$(inherited)",
					"@executable_path/Frameworks",
				);
				OTHER_LDFLAGS = (
					"$(OTHER_LDFLAGS)",
					"-ObjC",
					"$(inherited)",
					"-ObjC",
					"-framework",
					"\"CoreGraphics\"",
					"-framework",
					"\"CoreText\"",
					"-framework",
					"\"Foundation\"",
					"-framework",
					"\"GTMAppAuth\"",
					"-framework",
					"\"GTMSessionFetcher\"",
					"-framework",
					"\"GoogleSignIn\"",
					"-framework",
					"\"LocalAuthentication\"",
					"-framework",
					"\"SafariServices\"",
					"-framework",
					"\"Security\"",
					"-framework",
					"\"SystemConfiguration\"",
					"-framework",
					"\"UIKit\"",
					"-weak_framework",
					"\"AuthenticationServices\"",
				);
				PRODUCT_BUNDLE_IDENTIFIER = com.jamajama.Jariyah;
				PRODUCT_NAME = "$(TARGET_NAME)";
				SWIFT_VERSION = 5.0;
				TARGETED_DEVICE_FAMILY = "1,2";
			};
			name = Release;
		};
/* End XCBuildConfiguration section */

/* Begin XCConfigurationList section */
		6932E683259A4358006488C7 /* Build configuration list for PBXProject "Jariyah" */ = {
			isa = XCConfigurationList;
			buildConfigurations = (
				6932E69A259A4364006488C7 /* Debug */,
				6932E69B259A4364006488C7 /* Release */,
			);
			defaultConfigurationIsVisible = 0;
			defaultConfigurationName = Release;
		};
		6932E69C259A4364006488C7 /* Build configuration list for PBXNativeTarget "Jariyah" */ = {
			isa = XCConfigurationList;
			buildConfigurations = (
				6932E69D259A4364006488C7 /* Debug */,
				6932E69E259A4364006488C7 /* Release */,
			);
			defaultConfigurationIsVisible = 0;
			defaultConfigurationName = Release;
		};
/* End XCConfigurationList section */
	};
	rootObject = 6932E680259A4358006488C7 /* Project object */;
}
